
Microsoft Visual Studio Solution File, Format Version 12.00
# Visual Studio 15
VisualStudioVersion = 15.0.28307.421
MinimumVisualStudioVersion = 10.0.40219.1
Project("{FAE04EC0-301F-11D3-BF4B-00C04F79EFBC}") = "PlayingCard", "PlayingCard\PlayingCard.csproj", "{D06D507C-98F2-480F-9CCC-A3BB6596A092}"
EndProject
Global
	GlobalSection(SolutionConfigurationPlatforms) = preSolution
		Debug|Any CPU = Debug|Any CPU
		Release|Any CPU = Release|Any CPU
	EndGlobalSection
	GlobalSection(ProjectConfigurationPlatforms) = postSolution
		{D06D507C-98F2-480F-9CCC-A3BB6596A092}.Debug|Any CPU.ActiveCfg = Debug|Any CPU
		{D06D507C-98F2-480F-9CCC-A3BB6596A092}.Debug|Any CPU.Build.0 = Debug|Any CPU
		{D06D507C-98F2-480F-9CCC-A3BB6596A092}.Release|Any CPU.ActiveCfg = Release|Any CPU
		{D06D507C-98F2-480F-9CCC-A3BB6596A092}.Release|Any CPU.Build.0 = Release|Any CPU
	EndGlobalSection
	GlobalSection(SolutionProperties) = preSolution
		HideSolutionNode = FALSE
	EndGlobalSection
	GlobalSection(ExtensibilityGlobals) = postSolution
		SolutionGuid = {B29EAF3F-7700-4AB6-A7DC-B3BEF2C9AC15}
	EndGlobalSection
EndGlobal
